// !$*UTF8*$!
{
	archiveVersion = 1;
	classes = {
	};
	objectVersion = 70;
	objects = {

/* Begin PBXBuildFile section */
		B26497902D1EE2D20005F8DF /* Assets.xcassets in Resources */ = {isa = PBXBuildFile; fileRef = B264978F2D1EE2D20005F8DF /* Assets.xcassets */; };
		B26497942D2ED1A80005F8DF /* ProfileViewController.swift in Sources */ = {isa = PBXBuildFile; fileRef = B26497932D2ED1A80005F8DF /* ProfileViewController.swift */; };
		B26497962D2EE02B0005F8DF /* SingleImageViewController.swift in Sources */ = {isa = PBXBuildFile; fileRef = B26497952D2EE02B0005F8DF /* SingleImageViewController.swift */; };
		B2901ADF2D4E50E500AD6B0A /* ProgressHUD in Frameworks */ = {isa = PBXBuildFile; productRef = B2901ADE2D4E50E500AD6B0A /* ProgressHUD */; };
		B2901AE12D50E29F00AD6B0A /* UIBlockingProgressHUD.swift in Sources */ = {isa = PBXBuildFile; fileRef = B2901AE02D50E29F00AD6B0A /* UIBlockingProgressHUD.swift */; };
		B2901AE32D50E97A00AD6B0A /* ProfileService.swift in Sources */ = {isa = PBXBuildFile; fileRef = B2901AE22D50E97A00AD6B0A /* ProfileService.swift */; };
		B2901AE52D50E9D500AD6B0A /* ProfileResult.swift in Sources */ = {isa = PBXBuildFile; fileRef = B2901AE42D50E9D500AD6B0A /* ProfileResult.swift */; };
		B2901AE72D50FCE900AD6B0A /* Profile.swift in Sources */ = {isa = PBXBuildFile; fileRef = B2901AE62D50FCE900AD6B0A /* Profile.swift */; };
		B2901AE92D5240FD00AD6B0A /* ProfileImageService.swift in Sources */ = {isa = PBXBuildFile; fileRef = B2901AE82D5240FD00AD6B0A /* ProfileImageService.swift */; };
		B2901AEB2D52417800AD6B0A /* UserImage.swift in Sources */ = {isa = PBXBuildFile; fileRef = B2901AEA2D52417800AD6B0A /* UserImage.swift */; };
		B2901AED2D5412AF00AD6B0A /* ErrorLogger.swift in Sources */ = {isa = PBXBuildFile; fileRef = B2901AEC2D5412AF00AD6B0A /* ErrorLogger.swift */; };
		B2901AEF2D54165F00AD6B0A /* AlertPresenter.swift in Sources */ = {isa = PBXBuildFile; fileRef = B2901AEE2D54165F00AD6B0A /* AlertPresenter.swift */; };
		B2901AF22D55104900AD6B0A /* Kingfisher in Frameworks */ = {isa = PBXBuildFile; productRef = B2901AF12D55104900AD6B0A /* Kingfisher */; };
		B2901AF52D55150A00AD6B0A /* SwiftKeychainWrapper in Frameworks */ = {isa = PBXBuildFile; productRef = B2901AF42D55150A00AD6B0A /* SwiftKeychainWrapper */; };
		B293A0BB2D1A665D00239E92 /* Main.storyboard in Resources */ = {isa = PBXBuildFile; fileRef = B293A0BA2D1A665D00239E92 /* Main.storyboard */; };
		B293E4A22D5A283100F3A261 /* TabBarController.swift in Sources */ = {isa = PBXBuildFile; fileRef = B293E4A12D5A283100F3A261 /* TabBarController.swift */; };
		B293E4A92D637F2000F3A261 /* ImagesListService.swift in Sources */ = {isa = PBXBuildFile; fileRef = B293E4A82D637F2000F3A261 /* ImagesListService.swift */; };
		B293E4AB2D637F3E00F3A261 /* Photo.swift in Sources */ = {isa = PBXBuildFile; fileRef = B293E4AA2D637F3E00F3A261 /* Photo.swift */; };
		B293E4AD2D638B3B00F3A261 /* PhotoResult.swift in Sources */ = {isa = PBXBuildFile; fileRef = B293E4AC2D638B3B00F3A261 /* PhotoResult.swift */; };
		B293E4B12D68D48D00F3A261 /* ProfileLogoutService.swift in Sources */ = {isa = PBXBuildFile; fileRef = B293E4B02D68D48D00F3A261 /* ProfileLogoutService.swift */; };
		B296D2392D19AD3E00880E1D /* AppDelegate.swift in Sources */ = {isa = PBXBuildFile; fileRef = B296D2382D19AD3E00880E1D /* AppDelegate.swift */; };
		B296D23B2D19AD3E00880E1D /* SceneDelegate.swift in Sources */ = {isa = PBXBuildFile; fileRef = B296D23A2D19AD3E00880E1D /* SceneDelegate.swift */; };
		B296D23D2D19AD3E00880E1D /* ImagesListViewController.swift in Sources */ = {isa = PBXBuildFile; fileRef = B296D23C2D19AD3E00880E1D /* ImagesListViewController.swift */; };
		B296D2452D19AD4000880E1D /* LaunchScreen.storyboard in Resources */ = {isa = PBXBuildFile; fileRef = B296D2432D19AD4000880E1D /* LaunchScreen.storyboard */; };
		B296D27D2D19B96C00880E1D /* Array+Extensions.swift in Sources */ = {isa = PBXBuildFile; fileRef = B296D27A2D19B96C00880E1D /* Array+Extensions.swift */; };
		B296D27F2D19B96C00880E1D /* Date+Extensions.swift in Sources */ = {isa = PBXBuildFile; fileRef = B296D27C2D19B96C00880E1D /* Date+Extensions.swift */; };
		B296D28F2D1A0C9000880E1D /* ImagesListCell.swift in Sources */ = {isa = PBXBuildFile; fileRef = B296D28E2D1A0C9000880E1D /* ImagesListCell.swift */; };
		B2C891452D3E7BBA00DF4430 /* AuthConfiguration.swift in Sources */ = {isa = PBXBuildFile; fileRef = B2C891442D3E7BBA00DF4430 /* AuthConfiguration.swift */; };
		B2C8914A2D3EA13D00DF4430 /* AuthViewController.swift in Sources */ = {isa = PBXBuildFile; fileRef = B2C891492D3EA13D00DF4430 /* AuthViewController.swift */; };
		B2C8914C2D3EA3EA00DF4430 /* WebViewController.swift in Sources */ = {isa = PBXBuildFile; fileRef = B2C8914B2D3EA3EA00DF4430 /* WebViewController.swift */; };
		B2C8914F2D3FC28100DF4430 /* WebViewControllerDelegate.swift in Sources */ = {isa = PBXBuildFile; fileRef = B2C8914E2D3FC28100DF4430 /* WebViewControllerDelegate.swift */; };
		B2C891522D410D7000DF4430 /* OAuth2Service.swift in Sources */ = {isa = PBXBuildFile; fileRef = B2C891512D410D7000DF4430 /* OAuth2Service.swift */; };
		B2C891542D42374400DF4430 /* NetworkClient.swift in Sources */ = {isa = PBXBuildFile; fileRef = B2C891532D42374400DF4430 /* NetworkClient.swift */; };
		B2C891592D424B7500DF4430 /* OAuthTokenResponseBody.swift in Sources */ = {isa = PBXBuildFile; fileRef = B2C891582D424B7500DF4430 /* OAuthTokenResponseBody.swift */; };
		B2C8915C2D428A6300DF4430 /* Storage.swift in Sources */ = {isa = PBXBuildFile; fileRef = B2C8915B2D428A6300DF4430 /* Storage.swift */; };
		B2C8915F2D43B73700DF4430 /* SplashViewController.swift in Sources */ = {isa = PBXBuildFile; fileRef = B2C8915E2D43B73700DF4430 /* SplashViewController.swift */; };
		B2C891612D450C2200DF4430 /* AuthViewControllerDelegate.swift in Sources */ = {isa = PBXBuildFile; fileRef = B2C891602D450C2200DF4430 /* AuthViewControllerDelegate.swift */; };
		F456D3382D830C2700350599 /* WebViewPresenter.swift in Sources */ = {isa = PBXBuildFile; fileRef = F456D3372D830C2500350599 /* WebViewPresenter.swift */; };
		F456D33A2D831F4800350599 /* AuthHelper.swift in Sources */ = {isa = PBXBuildFile; fileRef = F456D3392D831F4500350599 /* AuthHelper.swift */; };
		F456D3582D859F7400350599 /* ImagesListPresenter.swift in Sources */ = {isa = PBXBuildFile; fileRef = F456D3572D859F6700350599 /* ImagesListPresenter.swift */; };
		F456D35C2D87553000350599 /* ProfileViewPresenter.swift in Sources */ = {isa = PBXBuildFile; fileRef = F456D35B2D87552B00350599 /* ProfileViewPresenter.swift */; };
		F49058812D806FE00038B610 /* AccessibilityConstans.swift in Sources */ = {isa = PBXBuildFile; fileRef = F49058802D806FC40038B610 /* AccessibilityConstans.swift */; };
/* End PBXBuildFile section */

/* Begin PBXContainerItemProxy section */
		B296D24C2D19AD4000880E1D /* PBXContainerItemProxy */ = {
			isa = PBXContainerItemProxy;
			containerPortal = B296D22D2D19AD3E00880E1D /* Project object */;
			proxyType = 1;
			remoteGlobalIDString = B296D2342D19AD3E00880E1D;
			remoteInfo = Imagy;
		};
		B296D2562D19AD4000880E1D /* PBXContainerItemProxy */ = {
			isa = PBXContainerItemProxy;
			containerPortal = B296D22D2D19AD3E00880E1D /* Project object */;
			proxyType = 1;
			remoteGlobalIDString = B296D2342D19AD3E00880E1D;
			remoteInfo = Imagy;
		};
		F456D3432D832CB300350599 /* PBXContainerItemProxy */ = {
			isa = PBXContainerItemProxy;
			containerPortal = B296D22D2D19AD3E00880E1D /* Project object */;
			proxyType = 1;
			remoteGlobalIDString = B296D2342D19AD3E00880E1D;
			remoteInfo = Imagy;
		};
		F456D3522D84306D00350599 /* PBXContainerItemProxy */ = {
			isa = PBXContainerItemProxy;
			containerPortal = B296D22D2D19AD3E00880E1D /* Project object */;
			proxyType = 1;
			remoteGlobalIDString = B296D2342D19AD3E00880E1D;
			remoteInfo = Imagy;
		};
/* End PBXContainerItemProxy section */

/* Begin PBXFileReference section */
		B264978F2D1EE2D20005F8DF /* Assets.xcassets */ = {isa = PBXFileReference; lastKnownFileType = folder.assetcatalog; name = Assets.xcassets; path = ../Assets.xcassets; sourceTree = "<group>"; };
		B26497932D2ED1A80005F8DF /* ProfileViewController.swift */ = {isa = PBXFileReference; lastKnownFileType = sourcecode.swift; path = ProfileViewController.swift; sourceTree = "<group>"; };
		B26497952D2EE02B0005F8DF /* SingleImageViewController.swift */ = {isa = PBXFileReference; lastKnownFileType = sourcecode.swift; path = SingleImageViewController.swift; sourceTree = "<group>"; };
		B2901AE02D50E29F00AD6B0A /* UIBlockingProgressHUD.swift */ = {isa = PBXFileReference; lastKnownFileType = sourcecode.swift; path = UIBlockingProgressHUD.swift; sourceTree = "<group>"; };
		B2901AE22D50E97A00AD6B0A /* ProfileService.swift */ = {isa = PBXFileReference; lastKnownFileType = sourcecode.swift; path = ProfileService.swift; sourceTree = "<group>"; };
		B2901AE42D50E9D500AD6B0A /* ProfileResult.swift */ = {isa = PBXFileReference; lastKnownFileType = sourcecode.swift; path = ProfileResult.swift; sourceTree = "<group>"; };
		B2901AE62D50FCE900AD6B0A /* Profile.swift */ = {isa = PBXFileReference; lastKnownFileType = sourcecode.swift; path = Profile.swift; sourceTree = "<group>"; };
		B2901AE82D5240FD00AD6B0A /* ProfileImageService.swift */ = {isa = PBXFileReference; lastKnownFileType = sourcecode.swift; path = ProfileImageService.swift; sourceTree = "<group>"; };
		B2901AEA2D52417800AD6B0A /* UserImage.swift */ = {isa = PBXFileReference; lastKnownFileType = sourcecode.swift; path = UserImage.swift; sourceTree = "<group>"; };
		B2901AEC2D5412AF00AD6B0A /* ErrorLogger.swift */ = {isa = PBXFileReference; lastKnownFileType = sourcecode.swift; path = ErrorLogger.swift; sourceTree = "<group>"; };
		B2901AEE2D54165F00AD6B0A /* AlertPresenter.swift */ = {isa = PBXFileReference; lastKnownFileType = sourcecode.swift; path = AlertPresenter.swift; sourceTree = "<group>"; };
		B293A0BA2D1A665D00239E92 /* Main.storyboard */ = {isa = PBXFileReference; fileEncoding = 4; lastKnownFileType = file.storyboard; name = Main.storyboard; path = ImagesList/Main.storyboard; sourceTree = "<group>"; };
		B293E4A12D5A283100F3A261 /* TabBarController.swift */ = {isa = PBXFileReference; lastKnownFileType = sourcecode.swift; path = TabBarController.swift; sourceTree = "<group>"; };
		B293E4A82D637F2000F3A261 /* ImagesListService.swift */ = {isa = PBXFileReference; lastKnownFileType = sourcecode.swift; path = ImagesListService.swift; sourceTree = "<group>"; };
		B293E4AA2D637F3E00F3A261 /* Photo.swift */ = {isa = PBXFileReference; lastKnownFileType = sourcecode.swift; path = Photo.swift; sourceTree = "<group>"; };
		B293E4AC2D638B3B00F3A261 /* PhotoResult.swift */ = {isa = PBXFileReference; lastKnownFileType = sourcecode.swift; path = PhotoResult.swift; sourceTree = "<group>"; };
		B293E4B02D68D48D00F3A261 /* ProfileLogoutService.swift */ = {isa = PBXFileReference; lastKnownFileType = sourcecode.swift; path = ProfileLogoutService.swift; sourceTree = "<group>"; };
		B296D2352D19AD3E00880E1D /* Imagy.app */ = {isa = PBXFileReference; explicitFileType = wrapper.application; includeInIndex = 0; path = Imagy.app; sourceTree = BUILT_PRODUCTS_DIR; };
		B296D2382D19AD3E00880E1D /* AppDelegate.swift */ = {isa = PBXFileReference; lastKnownFileType = sourcecode.swift; path = AppDelegate.swift; sourceTree = "<group>"; };
		B296D23A2D19AD3E00880E1D /* SceneDelegate.swift */ = {isa = PBXFileReference; lastKnownFileType = sourcecode.swift; path = SceneDelegate.swift; sourceTree = "<group>"; };
		B296D23C2D19AD3E00880E1D /* ImagesListViewController.swift */ = {isa = PBXFileReference; lastKnownFileType = sourcecode.swift; path = ImagesListViewController.swift; sourceTree = "<group>"; };
		B296D2442D19AD4000880E1D /* Base */ = {isa = PBXFileReference; lastKnownFileType = file.storyboard; name = Base; path = Base.lproj/LaunchScreen.storyboard; sourceTree = "<group>"; };
		B296D2462D19AD4000880E1D /* Info.plist */ = {isa = PBXFileReference; lastKnownFileType = text.plist.xml; path = Info.plist; sourceTree = "<group>"; };
		B296D24B2D19AD4000880E1D /* ImagyTests.xctest */ = {isa = PBXFileReference; explicitFileType = wrapper.cfbundle; includeInIndex = 0; path = ImagyTests.xctest; sourceTree = BUILT_PRODUCTS_DIR; };
		B296D2552D19AD4000880E1D /* ImagyUITests.xctest */ = {isa = PBXFileReference; explicitFileType = wrapper.cfbundle; includeInIndex = 0; path = ImagyUITests.xctest; sourceTree = BUILT_PRODUCTS_DIR; };
		B296D27A2D19B96C00880E1D /* Array+Extensions.swift */ = {isa = PBXFileReference; fileEncoding = 4; lastKnownFileType = sourcecode.swift; path = "Array+Extensions.swift"; sourceTree = "<group>"; };
		B296D27C2D19B96C00880E1D /* Date+Extensions.swift */ = {isa = PBXFileReference; fileEncoding = 4; lastKnownFileType = sourcecode.swift; path = "Date+Extensions.swift"; sourceTree = "<group>"; };
		B296D28E2D1A0C9000880E1D /* ImagesListCell.swift */ = {isa = PBXFileReference; lastKnownFileType = sourcecode.swift; path = ImagesListCell.swift; sourceTree = "<group>"; };
		B2C891442D3E7BBA00DF4430 /* AuthConfiguration.swift */ = {isa = PBXFileReference; lastKnownFileType = sourcecode.swift; path = AuthConfiguration.swift; sourceTree = "<group>"; };
		B2C891492D3EA13D00DF4430 /* AuthViewController.swift */ = {isa = PBXFileReference; lastKnownFileType = sourcecode.swift; path = AuthViewController.swift; sourceTree = "<group>"; };
		B2C8914B2D3EA3EA00DF4430 /* WebViewController.swift */ = {isa = PBXFileReference; lastKnownFileType = sourcecode.swift; path = WebViewController.swift; sourceTree = "<group>"; };
		B2C8914E2D3FC28100DF4430 /* WebViewControllerDelegate.swift */ = {isa = PBXFileReference; lastKnownFileType = sourcecode.swift; path = WebViewControllerDelegate.swift; sourceTree = "<group>"; };
		B2C891512D410D7000DF4430 /* OAuth2Service.swift */ = {isa = PBXFileReference; lastKnownFileType = sourcecode.swift; path = OAuth2Service.swift; sourceTree = "<group>"; };
		B2C891532D42374400DF4430 /* NetworkClient.swift */ = {isa = PBXFileReference; lastKnownFileType = sourcecode.swift; path = NetworkClient.swift; sourceTree = "<group>"; };
		B2C891582D424B7500DF4430 /* OAuthTokenResponseBody.swift */ = {isa = PBXFileReference; lastKnownFileType = sourcecode.swift; path = OAuthTokenResponseBody.swift; sourceTree = "<group>"; };
		B2C8915B2D428A6300DF4430 /* Storage.swift */ = {isa = PBXFileReference; lastKnownFileType = sourcecode.swift; path = Storage.swift; sourceTree = "<group>"; };
		B2C8915E2D43B73700DF4430 /* SplashViewController.swift */ = {isa = PBXFileReference; lastKnownFileType = sourcecode.swift; path = SplashViewController.swift; sourceTree = "<group>"; };
		B2C891602D450C2200DF4430 /* AuthViewControllerDelegate.swift */ = {isa = PBXFileReference; lastKnownFileType = sourcecode.swift; path = AuthViewControllerDelegate.swift; sourceTree = "<group>"; };
		F456D3372D830C2500350599 /* WebViewPresenter.swift */ = {isa = PBXFileReference; lastKnownFileType = sourcecode.swift; path = WebViewPresenter.swift; sourceTree = "<group>"; };
		F456D3392D831F4500350599 /* AuthHelper.swift */ = {isa = PBXFileReference; lastKnownFileType = sourcecode.swift; path = AuthHelper.swift; sourceTree = "<group>"; };
		F456D33F2D832CB300350599 /* ImagyTests1.xctest */ = {isa = PBXFileReference; explicitFileType = wrapper.cfbundle; includeInIndex = 0; path = ImagyTests1.xctest; sourceTree = BUILT_PRODUCTS_DIR; };
		F456D34C2D84306D00350599 /* ImagyTests2.xctest */ = {isa = PBXFileReference; explicitFileType = wrapper.cfbundle; includeInIndex = 0; path = ImagyTests2.xctest; sourceTree = BUILT_PRODUCTS_DIR; };
		F456D3572D859F6700350599 /* ImagesListPresenter.swift */ = {isa = PBXFileReference; lastKnownFileType = sourcecode.swift; path = ImagesListPresenter.swift; sourceTree = "<group>"; };
		F456D35B2D87552B00350599 /* ProfileViewPresenter.swift */ = {isa = PBXFileReference; lastKnownFileType = sourcecode.swift; path = ProfileViewPresenter.swift; sourceTree = "<group>"; };
		F49058802D806FC40038B610 /* AccessibilityConstans.swift */ = {isa = PBXFileReference; lastKnownFileType = sourcecode.swift; path = AccessibilityConstans.swift; sourceTree = "<group>"; };
/* End PBXFileReference section */

/* Begin PBXFileSystemSynchronizedRootGroup section */
		F456D3402D832CB300350599 /* ImagyTests1 */ = {isa = PBXFileSystemSynchronizedRootGroup; explicitFileTypes = {}; explicitFolders = (); path = ImagyTests1; sourceTree = "<group>"; };
		F456D34D2D84306D00350599 /* ImagyTests2 */ = {isa = PBXFileSystemSynchronizedRootGroup; explicitFileTypes = {}; explicitFolders = (); path = ImagyTests2; sourceTree = "<group>"; };
/* End PBXFileSystemSynchronizedRootGroup section */

/* Begin PBXFrameworksBuildPhase section */
		B296D2322D19AD3E00880E1D /* Frameworks */ = {
			isa = PBXFrameworksBuildPhase;
			buildActionMask = 2147483647;
			files = (
				B2901AF22D55104900AD6B0A /* Kingfisher in Frameworks */,
				B2901ADF2D4E50E500AD6B0A /* ProgressHUD in Frameworks */,
				B2901AF52D55150A00AD6B0A /* SwiftKeychainWrapper in Frameworks */,
			);
			runOnlyForDeploymentPostprocessing = 0;
		};
		B296D2482D19AD4000880E1D /* Frameworks */ = {
			isa = PBXFrameworksBuildPhase;
			buildActionMask = 2147483647;
			files = (
			);
			runOnlyForDeploymentPostprocessing = 0;
		};
		B296D2522D19AD4000880E1D /* Frameworks */ = {
			isa = PBXFrameworksBuildPhase;
			buildActionMask = 2147483647;
			files = (
			);
			runOnlyForDeploymentPostprocessing = 0;
		};
		F456D33C2D832CB300350599 /* Frameworks */ = {
			isa = PBXFrameworksBuildPhase;
			buildActionMask = 2147483647;
			files = (
			);
			runOnlyForDeploymentPostprocessing = 0;
		};
		F456D3492D84306D00350599 /* Frameworks */ = {
			isa = PBXFrameworksBuildPhase;
			buildActionMask = 2147483647;
			files = (
			);
			runOnlyForDeploymentPostprocessing = 0;
		};
/* End PBXFrameworksBuildPhase section */

/* Begin PBXGroup section */
		B26497922D2ED1750005F8DF /* Profile */ = {
			isa = PBXGroup;
			children = (
				B2901AE22D50E97A00AD6B0A /* ProfileService.swift */,
				B2901AE82D5240FD00AD6B0A /* ProfileImageService.swift */,
				F456D35B2D87552B00350599 /* ProfileViewPresenter.swift */,
				B26497932D2ED1A80005F8DF /* ProfileViewController.swift */,
			);
			path = Profile;
			sourceTree = "<group>";
		};
		B293E4A32D5A2A4300F3A261 /* TabBarController */ = {
			isa = PBXGroup;
			children = (
			);
			path = TabBarController;
			sourceTree = "<group>";
		};
		B296D22C2D19AD3E00880E1D = {
			isa = PBXGroup;
			children = (
				B296D2372D19AD3E00880E1D /* Imagy */,
				F456D3402D832CB300350599 /* ImagyTests1 */,
				F456D34D2D84306D00350599 /* ImagyTests2 */,
				B296D2362D19AD3E00880E1D /* Products */,
			);
			sourceTree = "<group>";
		};
		B296D2362D19AD3E00880E1D /* Products */ = {
			isa = PBXGroup;
			children = (
				B296D2352D19AD3E00880E1D /* Imagy.app */,
				B296D24B2D19AD4000880E1D /* ImagyTests.xctest */,
				B296D2552D19AD4000880E1D /* ImagyUITests.xctest */,
				F456D33F2D832CB300350599 /* ImagyTests1.xctest */,
				F456D34C2D84306D00350599 /* ImagyTests2.xctest */,
			);
			name = Products;
			sourceTree = "<group>";
		};
		B296D2372D19AD3E00880E1D /* Imagy */ = {
			isa = PBXGroup;
			children = (
				B26497922D2ED1750005F8DF /* Profile */,
				B296D2902D1A2FAE00880E1D /* ImagesList */,
				B2C891482D3EA0D900DF4430 /* Auth */,
				B2C8915D2D43B72B00DF4430 /* SplashViewController */,
				B293E4A32D5A2A4300F3A261 /* TabBarController */,
				B293E4A12D5A283100F3A261 /* TabBarController.swift */,
				B2C891622D4901D900DF4430 /* Constans */,
				B2C8915A2D428A1B00DF4430 /* Storage */,
				B2C891572D424B5E00DF4430 /* Models */,
				B2C891502D410D4F00DF4430 /* Services */,
				B2C8914D2D3FC26900DF4430 /* Protocols */,
				B2C891462D3E9CB800DF4430 /* SingleImageViewController */,
				B296D2382D19AD3E00880E1D /* AppDelegate.swift */,
				B296D23A2D19AD3E00880E1D /* SceneDelegate.swift */,
				B293A0BA2D1A665D00239E92 /* Main.storyboard */,
				B296D2432D19AD4000880E1D /* LaunchScreen.storyboard */,
				B264978F2D1EE2D20005F8DF /* Assets.xcassets */,
				B296D2792D19B96C00880E1D /* Helpers+Extensions */,
				B296D2462D19AD4000880E1D /* Info.plist */,
				B2901AE02D50E29F00AD6B0A /* UIBlockingProgressHUD.swift */,
			);
			path = Imagy;
			sourceTree = "<group>";
		};
		B296D2792D19B96C00880E1D /* Helpers+Extensions */ = {
			isa = PBXGroup;
			children = (
				B296D27A2D19B96C00880E1D /* Array+Extensions.swift */,
				B296D27C2D19B96C00880E1D /* Date+Extensions.swift */,
				B2901AEC2D5412AF00AD6B0A /* ErrorLogger.swift */,
			);
			path = "Helpers+Extensions";
			sourceTree = "<group>";
		};
		B296D2902D1A2FAE00880E1D /* ImagesList */ = {
			isa = PBXGroup;
			children = (
				B293E4A82D637F2000F3A261 /* ImagesListService.swift */,
				B296D28E2D1A0C9000880E1D /* ImagesListCell.swift */,
				F456D3572D859F6700350599 /* ImagesListPresenter.swift */,
				B296D23C2D19AD3E00880E1D /* ImagesListViewController.swift */,
			);
			path = ImagesList;
			sourceTree = "<group>";
		};
		B2C891462D3E9CB800DF4430 /* SingleImageViewController */ = {
			isa = PBXGroup;
			children = (
				B26497952D2EE02B0005F8DF /* SingleImageViewController.swift */,
			);
			path = SingleImageViewController;
			sourceTree = "<group>";
		};
		B2C891482D3EA0D900DF4430 /* Auth */ = {
			isa = PBXGroup;
			children = (
				B2C891492D3EA13D00DF4430 /* AuthViewController.swift */,
				F456D3392D831F4500350599 /* AuthHelper.swift */,
				F456D3372D830C2500350599 /* WebViewPresenter.swift */,
				B2C8914B2D3EA3EA00DF4430 /* WebViewController.swift */,
			);
			path = Auth;
			sourceTree = "<group>";
		};
		B2C8914D2D3FC26900DF4430 /* Protocols */ = {
			isa = PBXGroup;
			children = (
				B2C8914E2D3FC28100DF4430 /* WebViewControllerDelegate.swift */,
				B2C891602D450C2200DF4430 /* AuthViewControllerDelegate.swift */,
			);
			path = Protocols;
			sourceTree = "<group>";
		};
		B2C891502D410D4F00DF4430 /* Services */ = {
			isa = PBXGroup;
			children = (
				B2C891532D42374400DF4430 /* NetworkClient.swift */,
				B293E4B02D68D48D00F3A261 /* ProfileLogoutService.swift */,
				B2C891512D410D7000DF4430 /* OAuth2Service.swift */,
				B2901AEE2D54165F00AD6B0A /* AlertPresenter.swift */,
			);
			path = Services;
			sourceTree = "<group>";
		};
		B2C891572D424B5E00DF4430 /* Models */ = {
			isa = PBXGroup;
			children = (
				B2C891582D424B7500DF4430 /* OAuthTokenResponseBody.swift */,
				B2901AE42D50E9D500AD6B0A /* ProfileResult.swift */,
				B2901AEA2D52417800AD6B0A /* UserImage.swift */,
				B2901AE62D50FCE900AD6B0A /* Profile.swift */,
				B293E4AA2D637F3E00F3A261 /* Photo.swift */,
				B293E4AC2D638B3B00F3A261 /* PhotoResult.swift */,
			);
			path = Models;
			sourceTree = "<group>";
		};
		B2C8915A2D428A1B00DF4430 /* Storage */ = {
			isa = PBXGroup;
			children = (
				B2C8915B2D428A6300DF4430 /* Storage.swift */,
			);
			path = Storage;
			sourceTree = "<group>";
		};
		B2C8915D2D43B72B00DF4430 /* SplashViewController */ = {
			isa = PBXGroup;
			children = (
				B2C8915E2D43B73700DF4430 /* SplashViewController.swift */,
			);
			path = SplashViewController;
			sourceTree = "<group>";
		};
		B2C891622D4901D900DF4430 /* Constans */ = {
			isa = PBXGroup;
			children = (
				F49058802D806FC40038B610 /* AccessibilityConstans.swift */,
				B2C891442D3E7BBA00DF4430 /* AuthConfiguration.swift */,
			);
			path = Constans;
			sourceTree = "<group>";
		};
/* End PBXGroup section */

/* Begin PBXNativeTarget section */
		B296D2342D19AD3E00880E1D /* Imagy */ = {
			isa = PBXNativeTarget;
			buildConfigurationList = B296D25F2D19AD4000880E1D /* Build configuration list for PBXNativeTarget "Imagy" */;
			buildPhases = (
				B296D2312D19AD3E00880E1D /* Sources */,
				B296D2322D19AD3E00880E1D /* Frameworks */,
				B296D2332D19AD3E00880E1D /* Resources */,
			);
			buildRules = (
			);
			dependencies = (
			);
			name = Imagy;
			packageProductDependencies = (
				B2901ADE2D4E50E500AD6B0A /* ProgressHUD */,
				B2901AF12D55104900AD6B0A /* Kingfisher */,
				B2901AF42D55150A00AD6B0A /* SwiftKeychainWrapper */,
			);
			productName = Imagy;
			productReference = B296D2352D19AD3E00880E1D /* Imagy.app */;
			productType = "com.apple.product-type.application";
		};
		B296D24A2D19AD4000880E1D /* ImagyTests */ = {
			isa = PBXNativeTarget;
			buildConfigurationList = B296D2622D19AD4000880E1D /* Build configuration list for PBXNativeTarget "ImagyTests" */;
			buildPhases = (
				B296D2472D19AD4000880E1D /* Sources */,
				B296D2482D19AD4000880E1D /* Frameworks */,
				B296D2492D19AD4000880E1D /* Resources */,
			);
			buildRules = (
			);
			dependencies = (
				B296D24D2D19AD4000880E1D /* PBXTargetDependency */,
			);
			name = ImagyTests;
			productName = ImagyTests;
			productReference = B296D24B2D19AD4000880E1D /* ImagyTests.xctest */;
			productType = "com.apple.product-type.bundle.unit-test";
		};
		B296D2542D19AD4000880E1D /* ImagyUITests */ = {
			isa = PBXNativeTarget;
			buildConfigurationList = B296D2652D19AD4000880E1D /* Build configuration list for PBXNativeTarget "ImagyUITests" */;
			buildPhases = (
				B296D2512D19AD4000880E1D /* Sources */,
				B296D2522D19AD4000880E1D /* Frameworks */,
				B296D2532D19AD4000880E1D /* Resources */,
			);
			buildRules = (
			);
			dependencies = (
				B296D2572D19AD4000880E1D /* PBXTargetDependency */,
			);
			name = ImagyUITests;
			productName = ImagyUITests;
			productReference = B296D2552D19AD4000880E1D /* ImagyUITests.xctest */;
			productType = "com.apple.product-type.bundle.ui-testing";
		};
		F456D33E2D832CB300350599 /* ImagyTests1 */ = {
			isa = PBXNativeTarget;
			buildConfigurationList = F456D3452D832CB300350599 /* Build configuration list for PBXNativeTarget "ImagyTests1" */;
			buildPhases = (
				F456D33B2D832CB300350599 /* Sources */,
				F456D33C2D832CB300350599 /* Frameworks */,
				F456D33D2D832CB300350599 /* Resources */,
			);
			buildRules = (
			);
			dependencies = (
				F456D3442D832CB300350599 /* PBXTargetDependency */,
			);
			fileSystemSynchronizedGroups = (
				F456D3402D832CB300350599 /* ImagyTests1 */,
			);
			name = ImagyTests1;
			packageProductDependencies = (
			);
			productName = ImagyTests1;
			productReference = F456D33F2D832CB300350599 /* ImagyTests1.xctest */;
			productType = "com.apple.product-type.bundle.unit-test";
		};
		F456D34B2D84306D00350599 /* ImagyTests2 */ = {
			isa = PBXNativeTarget;
			buildConfigurationList = F456D3542D84306D00350599 /* Build configuration list for PBXNativeTarget "ImagyTests2" */;
			buildPhases = (
				F456D3482D84306D00350599 /* Sources */,
				F456D3492D84306D00350599 /* Frameworks */,
				F456D34A2D84306D00350599 /* Resources */,
			);
			buildRules = (
			);
			dependencies = (
				F456D3532D84306D00350599 /* PBXTargetDependency */,
			);
			fileSystemSynchronizedGroups = (
				F456D34D2D84306D00350599 /* ImagyTests2 */,
			);
			name = ImagyTests2;
			packageProductDependencies = (
			);
			productName = ImagyTests2;
			productReference = F456D34C2D84306D00350599 /* ImagyTests2.xctest */;
			productType = "com.apple.product-type.bundle.ui-testing";
		};
/* End PBXNativeTarget section */

/* Begin PBXProject section */
		B296D22D2D19AD3E00880E1D /* Project object */ = {
			isa = PBXProject;
			attributes = {
				BuildIndependentTargetsInParallel = 1;
				LastSwiftUpdateCheck = 1620;
				LastUpgradeCheck = 1620;
				TargetAttributes = {
					B296D2342D19AD3E00880E1D = {
						CreatedOnToolsVersion = 15.2;
					};
					B296D24A2D19AD4000880E1D = {
						CreatedOnToolsVersion = 15.2;
						TestTargetID = B296D2342D19AD3E00880E1D;
					};
					B296D2542D19AD4000880E1D = {
						CreatedOnToolsVersion = 15.2;
						TestTargetID = B296D2342D19AD3E00880E1D;
					};
					F456D33E2D832CB300350599 = {
						CreatedOnToolsVersion = 16.2;
						TestTargetID = B296D2342D19AD3E00880E1D;
					};
					F456D34B2D84306D00350599 = {
						CreatedOnToolsVersion = 16.2;
						TestTargetID = B296D2342D19AD3E00880E1D;
					};
				};
			};
			buildConfigurationList = B296D2302D19AD3E00880E1D /* Build configuration list for PBXProject "Imagy" */;
			compatibilityVersion = "Xcode 14.0";
			developmentRegion = en;
			hasScannedForEncodings = 0;
			knownRegions = (
				en,
				Base,
			);
			mainGroup = B296D22C2D19AD3E00880E1D;
			packageReferences = (
				B2901ADD2D4E50E500AD6B0A /* XCRemoteSwiftPackageReference "ProgressHUD" */,
				B2901AF02D55104900AD6B0A /* XCRemoteSwiftPackageReference "Kingfisher" */,
				B2901AF32D55150A00AD6B0A /* XCRemoteSwiftPackageReference "SwiftKeychainWrapper" */,
			);
			productRefGroup = B296D2362D19AD3E00880E1D /* Products */;
			projectDirPath = "";
			projectRoot = "";
			targets = (
				B296D2342D19AD3E00880E1D /* Imagy */,
				B296D24A2D19AD4000880E1D /* ImagyTests */,
				B296D2542D19AD4000880E1D /* ImagyUITests */,
				F456D33E2D832CB300350599 /* ImagyTests1 */,
				F456D34B2D84306D00350599 /* ImagyTests2 */,
			);
		};
/* End PBXProject section */

/* Begin PBXResourcesBuildPhase section */
		B296D2332D19AD3E00880E1D /* Resources */ = {
			isa = PBXResourcesBuildPhase;
			buildActionMask = 2147483647;
			files = (
				B296D2452D19AD4000880E1D /* LaunchScreen.storyboard in Resources */,
				B26497902D1EE2D20005F8DF /* Assets.xcassets in Resources */,
				B293A0BB2D1A665D00239E92 /* Main.storyboard in Resources */,
			);
			runOnlyForDeploymentPostprocessing = 0;
		};
		B296D2492D19AD4000880E1D /* Resources */ = {
			isa = PBXResourcesBuildPhase;
			buildActionMask = 2147483647;
			files = (
			);
			runOnlyForDeploymentPostprocessing = 0;
		};
		B296D2532D19AD4000880E1D /* Resources */ = {
			isa = PBXResourcesBuildPhase;
			buildActionMask = 2147483647;
			files = (
			);
			runOnlyForDeploymentPostprocessing = 0;
		};
		F456D33D2D832CB300350599 /* Resources */ = {
			isa = PBXResourcesBuildPhase;
			buildActionMask = 2147483647;
			files = (
			);
			runOnlyForDeploymentPostprocessing = 0;
		};
		F456D34A2D84306D00350599 /* Resources */ = {
			isa = PBXResourcesBuildPhase;
			buildActionMask = 2147483647;
			files = (
			);
			runOnlyForDeploymentPostprocessing = 0;
		};
/* End PBXResourcesBuildPhase section */

/* Begin PBXSourcesBuildPhase section */
		B296D2312D19AD3E00880E1D /* Sources */ = {
			isa = PBXSourcesBuildPhase;
			buildActionMask = 2147483647;
			files = (
				B2901AE52D50E9D500AD6B0A /* ProfileResult.swift in Sources */,
				B296D23D2D19AD3E00880E1D /* ImagesListViewController.swift in Sources */,
				B296D2392D19AD3E00880E1D /* AppDelegate.swift in Sources */,
				B2901AE72D50FCE900AD6B0A /* Profile.swift in Sources */,
				B293E4B12D68D48D00F3A261 /* ProfileLogoutService.swift in Sources */,
				B2901AED2D5412AF00AD6B0A /* ErrorLogger.swift in Sources */,
				B2901AEF2D54165F00AD6B0A /* AlertPresenter.swift in Sources */,
				F456D3382D830C2700350599 /* WebViewPresenter.swift in Sources */,
				B2C891522D410D7000DF4430 /* OAuth2Service.swift in Sources */,
				B2901AE12D50E29F00AD6B0A /* UIBlockingProgressHUD.swift in Sources */,
				B2C8915F2D43B73700DF4430 /* SplashViewController.swift in Sources */,
				F456D33A2D831F4800350599 /* AuthHelper.swift in Sources */,
				B2C8914A2D3EA13D00DF4430 /* AuthViewController.swift in Sources */,
				F49058812D806FE00038B610 /* AccessibilityConstans.swift in Sources */,
				B2C891452D3E7BBA00DF4430 /* AuthConfiguration.swift in Sources */,
				B2901AE92D5240FD00AD6B0A /* ProfileImageService.swift in Sources */,
				B2901AEB2D52417800AD6B0A /* UserImage.swift in Sources */,
				B2C8914C2D3EA3EA00DF4430 /* WebViewController.swift in Sources */,
				F456D35C2D87553000350599 /* ProfileViewPresenter.swift in Sources */,
				B2C891592D424B7500DF4430 /* OAuthTokenResponseBody.swift in Sources */,
				B296D23B2D19AD3E00880E1D /* SceneDelegate.swift in Sources */,
				B293E4A92D637F2000F3A261 /* ImagesListService.swift in Sources */,
				B293E4AD2D638B3B00F3A261 /* PhotoResult.swift in Sources */,
				B296D27D2D19B96C00880E1D /* Array+Extensions.swift in Sources */,
				B26497942D2ED1A80005F8DF /* ProfileViewController.swift in Sources */,
				B296D27F2D19B96C00880E1D /* Date+Extensions.swift in Sources */,
				B26497962D2EE02B0005F8DF /* SingleImageViewController.swift in Sources */,
				B2C891542D42374400DF4430 /* NetworkClient.swift in Sources */,
				B2C8914F2D3FC28100DF4430 /* WebViewControllerDelegate.swift in Sources */,
				B293E4AB2D637F3E00F3A261 /* Photo.swift in Sources */,
				B296D28F2D1A0C9000880E1D /* ImagesListCell.swift in Sources */,
				B2C891612D450C2200DF4430 /* AuthViewControllerDelegate.swift in Sources */,
				B2C8915C2D428A6300DF4430 /* Storage.swift in Sources */,
				B293E4A22D5A283100F3A261 /* TabBarController.swift in Sources */,
				F456D3582D859F7400350599 /* ImagesListPresenter.swift in Sources */,
				B2901AE32D50E97A00AD6B0A /* ProfileService.swift in Sources */,
			);
			runOnlyForDeploymentPostprocessing = 0;
		};
		B296D2472D19AD4000880E1D /* Sources */ = {
			isa = PBXSourcesBuildPhase;
			buildActionMask = 2147483647;
			files = (
			);
			runOnlyForDeploymentPostprocessing = 0;
		};
		B296D2512D19AD4000880E1D /* Sources */ = {
			isa = PBXSourcesBuildPhase;
			buildActionMask = 2147483647;
			files = (
			);
			runOnlyForDeploymentPostprocessing = 0;
		};
		F456D33B2D832CB300350599 /* Sources */ = {
			isa = PBXSourcesBuildPhase;
			buildActionMask = 2147483647;
			files = (
			);
			runOnlyForDeploymentPostprocessing = 0;
		};
		F456D3482D84306D00350599 /* Sources */ = {
			isa = PBXSourcesBuildPhase;
			buildActionMask = 2147483647;
			files = (
			);
			runOnlyForDeploymentPostprocessing = 0;
		};
/* End PBXSourcesBuildPhase section */

/* Begin PBXTargetDependency section */
		B296D24D2D19AD4000880E1D /* PBXTargetDependency */ = {
			isa = PBXTargetDependency;
			target = B296D2342D19AD3E00880E1D /* Imagy */;
			targetProxy = B296D24C2D19AD4000880E1D /* PBXContainerItemProxy */;
		};
		B296D2572D19AD4000880E1D /* PBXTargetDependency */ = {
			isa = PBXTargetDependency;
			target = B296D2342D19AD3E00880E1D /* Imagy */;
			targetProxy = B296D2562D19AD4000880E1D /* PBXContainerItemProxy */;
		};
		F456D3442D832CB300350599 /* PBXTargetDependency */ = {
			isa = PBXTargetDependency;
			target = B296D2342D19AD3E00880E1D /* Imagy */;
			targetProxy = F456D3432D832CB300350599 /* PBXContainerItemProxy */;
		};
		F456D3532D84306D00350599 /* PBXTargetDependency */ = {
			isa = PBXTargetDependency;
			target = B296D2342D19AD3E00880E1D /* Imagy */;
			targetProxy = F456D3522D84306D00350599 /* PBXContainerItemProxy */;
		};
/* End PBXTargetDependency section */

/* Begin PBXVariantGroup section */
		B296D2432D19AD4000880E1D /* LaunchScreen.storyboard */ = {
			isa = PBXVariantGroup;
			children = (
				B296D2442D19AD4000880E1D /* Base */,
			);
			name = LaunchScreen.storyboard;
			sourceTree = "<group>";
		};
/* End PBXVariantGroup section */

/* Begin XCBuildConfiguration section */
		B296D25D2D19AD4000880E1D /* Debug */ = {
			isa = XCBuildConfiguration;
			buildSettings = {
				ALWAYS_SEARCH_USER_PATHS = NO;
				ASSETCATALOG_COMPILER_GENERATE_SWIFT_ASSET_SYMBOL_EXTENSIONS = YES;
				CLANG_ANALYZER_NONNULL = YES;
				CLANG_ANALYZER_NUMBER_OBJECT_CONVERSION = YES_AGGRESSIVE;
				CLANG_CXX_LANGUAGE_STANDARD = "gnu++20";
				CLANG_ENABLE_MODULES = YES;
				CLANG_ENABLE_OBJC_ARC = YES;
				CLANG_ENABLE_OBJC_WEAK = YES;
				CLANG_WARN_BLOCK_CAPTURE_AUTORELEASING = YES;
				CLANG_WARN_BOOL_CONVERSION = YES;
				CLANG_WARN_COMMA = YES;
				CLANG_WARN_CONSTANT_CONVERSION = YES;
				CLANG_WARN_DEPRECATED_OBJC_IMPLEMENTATIONS = YES;
				CLANG_WARN_DIRECT_OBJC_ISA_USAGE = YES_ERROR;
				CLANG_WARN_DOCUMENTATION_COMMENTS = YES;
				CLANG_WARN_EMPTY_BODY = YES;
				CLANG_WARN_ENUM_CONVERSION = YES;
				CLANG_WARN_INFINITE_RECURSION = YES;
				CLANG_WARN_INT_CONVERSION = YES;
				CLANG_WARN_NON_LITERAL_NULL_CONVERSION = YES;
				CLANG_WARN_OBJC_IMPLICIT_RETAIN_SELF = YES;
				CLANG_WARN_OBJC_LITERAL_CONVERSION = YES;
				CLANG_WARN_OBJC_ROOT_CLASS = YES_ERROR;
				CLANG_WARN_QUOTED_INCLUDE_IN_FRAMEWORK_HEADER = YES;
				CLANG_WARN_RANGE_LOOP_ANALYSIS = YES;
				CLANG_WARN_STRICT_PROTOTYPES = YES;
				CLANG_WARN_SUSPICIOUS_MOVE = YES;
				CLANG_WARN_UNGUARDED_AVAILABILITY = YES_AGGRESSIVE;
				CLANG_WARN_UNREACHABLE_CODE = YES;
				CLANG_WARN__DUPLICATE_METHOD_MATCH = YES;
				COPY_PHASE_STRIP = NO;
				DEBUG_INFORMATION_FORMAT = dwarf;
				ENABLE_STRICT_OBJC_MSGSEND = YES;
				ENABLE_TESTABILITY = YES;
				ENABLE_USER_SCRIPT_SANDBOXING = YES;
				GCC_C_LANGUAGE_STANDARD = gnu17;
				GCC_DYNAMIC_NO_PIC = NO;
				GCC_NO_COMMON_BLOCKS = YES;
				GCC_OPTIMIZATION_LEVEL = 0;
				GCC_PREPROCESSOR_DEFINITIONS = (
					"DEBUG=1",
					"$(inherited)",
				);
				GCC_WARN_64_TO_32_BIT_CONVERSION = YES;
				GCC_WARN_ABOUT_RETURN_TYPE = YES_ERROR;
				GCC_WARN_UNDECLARED_SELECTOR = YES;
				GCC_WARN_UNINITIALIZED_AUTOS = YES_AGGRESSIVE;
				GCC_WARN_UNUSED_FUNCTION = YES;
				GCC_WARN_UNUSED_VARIABLE = YES;
				IPHONEOS_DEPLOYMENT_TARGET = 17.2;
				LOCALIZATION_PREFERS_STRING_CATALOGS = YES;
				MTL_ENABLE_DEBUG_INFO = INCLUDE_SOURCE;
				MTL_FAST_MATH = YES;
				ONLY_ACTIVE_ARCH = YES;
				SDKROOT = iphoneos;
				SWIFT_ACTIVE_COMPILATION_CONDITIONS = "DEBUG $(inherited)";
				SWIFT_OPTIMIZATION_LEVEL = "-Onone";
			};
			name = Debug;
		};
		B296D25E2D19AD4000880E1D /* Release */ = {
			isa = XCBuildConfiguration;
			buildSettings = {
				ALWAYS_SEARCH_USER_PATHS = NO;
				ASSETCATALOG_COMPILER_GENERATE_SWIFT_ASSET_SYMBOL_EXTENSIONS = YES;
				CLANG_ANALYZER_NONNULL = YES;
				CLANG_ANALYZER_NUMBER_OBJECT_CONVERSION = YES_AGGRESSIVE;
				CLANG_CXX_LANGUAGE_STANDARD = "gnu++20";
				CLANG_ENABLE_MODULES = YES;
				CLANG_ENABLE_OBJC_ARC = YES;
				CLANG_ENABLE_OBJC_WEAK = YES;
				CLANG_WARN_BLOCK_CAPTURE_AUTORELEASING = YES;
				CLANG_WARN_BOOL_CONVERSION = YES;
				CLANG_WARN_COMMA = YES;
				CLANG_WARN_CONSTANT_CONVERSION = YES;
				CLANG_WARN_DEPRECATED_OBJC_IMPLEMENTATIONS = YES;
				CLANG_WARN_DIRECT_OBJC_ISA_USAGE = YES_ERROR;
				CLANG_WARN_DOCUMENTATION_COMMENTS = YES;
				CLANG_WARN_EMPTY_BODY = YES;
				CLANG_WARN_ENUM_CONVERSION = YES;
				CLANG_WARN_INFINITE_RECURSION = YES;
				CLANG_WARN_INT_CONVERSION = YES;
				CLANG_WARN_NON_LITERAL_NULL_CONVERSION = YES;
				CLANG_WARN_OBJC_IMPLICIT_RETAIN_SELF = YES;
				CLANG_WARN_OBJC_LITERAL_CONVERSION = YES;
				CLANG_WARN_OBJC_ROOT_CLASS = YES_ERROR;
				CLANG_WARN_QUOTED_INCLUDE_IN_FRAMEWORK_HEADER = YES;
				CLANG_WARN_RANGE_LOOP_ANALYSIS = YES;
				CLANG_WARN_STRICT_PROTOTYPES = YES;
				CLANG_WARN_SUSPICIOUS_MOVE = YES;
				CLANG_WARN_UNGUARDED_AVAILABILITY = YES_AGGRESSIVE;
				CLANG_WARN_UNREACHABLE_CODE = YES;
				CLANG_WARN__DUPLICATE_METHOD_MATCH = YES;
				COPY_PHASE_STRIP = NO;
				DEBUG_INFORMATION_FORMAT = "dwarf-with-dsym";
				ENABLE_NS_ASSERTIONS = NO;
				ENABLE_STRICT_OBJC_MSGSEND = YES;
				ENABLE_USER_SCRIPT_SANDBOXING = YES;
				GCC_C_LANGUAGE_STANDARD = gnu17;
				GCC_NO_COMMON_BLOCKS = YES;
				GCC_WARN_64_TO_32_BIT_CONVERSION = YES;
				GCC_WARN_ABOUT_RETURN_TYPE = YES_ERROR;
				GCC_WARN_UNDECLARED_SELECTOR = YES;
				GCC_WARN_UNINITIALIZED_AUTOS = YES_AGGRESSIVE;
				GCC_WARN_UNUSED_FUNCTION = YES;
				GCC_WARN_UNUSED_VARIABLE = YES;
				IPHONEOS_DEPLOYMENT_TARGET = 17.2;
				LOCALIZATION_PREFERS_STRING_CATALOGS = YES;
				MTL_ENABLE_DEBUG_INFO = NO;
				MTL_FAST_MATH = YES;
				SDKROOT = iphoneos;
				SWIFT_COMPILATION_MODE = wholemodule;
				VALIDATE_PRODUCT = YES;
			};
			name = Release;
		};
		B296D2602D19AD4000880E1D /* Debug */ = {
			isa = XCBuildConfiguration;
			buildSettings = {
				ASSETCATALOG_COMPILER_APPICON_NAME = AppIcon;
				CODE_SIGN_STYLE = Automatic;
				CURRENT_PROJECT_VERSION = 1;
				GENERATE_INFOPLIST_FILE = YES;
				INFOPLIST_FILE = Imagy/Info.plist;
				INFOPLIST_KEY_LSApplicationCategoryType = "";
				INFOPLIST_KEY_UIApplicationSupportsIndirectInputEvents = YES;
				INFOPLIST_KEY_UILaunchStoryboardName = LaunchScreen;
				INFOPLIST_KEY_UIMainStoryboardFile = Main;
				INFOPLIST_KEY_UIStatusBarStyle = "";
				INFOPLIST_KEY_UISupportedInterfaceOrientations = UIInterfaceOrientationPortrait;
				IPHONEOS_DEPLOYMENT_TARGET = 13.0;
				LD_RUNPATH_SEARCH_PATHS = (
					"$(inherited)",
					"@executable_path/Frameworks",
				);
				MARKETING_VERSION = 1.0;
				PRODUCT_BUNDLE_IDENTIFIER = ru.yandex.practicum.Imagy;
				PRODUCT_NAME = "$(TARGET_NAME)";
				SUPPORTED_PLATFORMS = "iphoneos iphonesimulator";
				SUPPORTS_MACCATALYST = NO;
				SUPPORTS_MAC_DESIGNED_FOR_IPHONE_IPAD = NO;
				SUPPORTS_XR_DESIGNED_FOR_IPHONE_IPAD = NO;
				SWIFT_EMIT_LOC_STRINGS = YES;
				SWIFT_VERSION = 5.0;
				TARGETED_DEVICE_FAMILY = 1;
			};
			name = Debug;
		};
		B296D2612D19AD4000880E1D /* Release */ = {
			isa = XCBuildConfiguration;
			buildSettings = {
				ASSETCATALOG_COMPILER_APPICON_NAME = AppIcon;
				CODE_SIGN_STYLE = Automatic;
				CURRENT_PROJECT_VERSION = 1;
				GENERATE_INFOPLIST_FILE = YES;
				INFOPLIST_FILE = Imagy/Info.plist;
				INFOPLIST_KEY_LSApplicationCategoryType = "";
				INFOPLIST_KEY_UIApplicationSupportsIndirectInputEvents = YES;
				INFOPLIST_KEY_UILaunchStoryboardName = LaunchScreen;
				INFOPLIST_KEY_UIMainStoryboardFile = Main;
				INFOPLIST_KEY_UIStatusBarStyle = "";
				INFOPLIST_KEY_UISupportedInterfaceOrientations = UIInterfaceOrientationPortrait;
				IPHONEOS_DEPLOYMENT_TARGET = 13.0;
				LD_RUNPATH_SEARCH_PATHS = (
					"$(inherited)",
					"@executable_path/Frameworks",
				);
				MARKETING_VERSION = 1.0;
				PRODUCT_BUNDLE_IDENTIFIER = ru.yandex.practicum.Imagy;
				PRODUCT_NAME = "$(TARGET_NAME)";
				SUPPORTED_PLATFORMS = "iphoneos iphonesimulator";
				SUPPORTS_MACCATALYST = NO;
				SUPPORTS_MAC_DESIGNED_FOR_IPHONE_IPAD = NO;
				SUPPORTS_XR_DESIGNED_FOR_IPHONE_IPAD = NO;
				SWIFT_EMIT_LOC_STRINGS = YES;
				SWIFT_VERSION = 5.0;
				TARGETED_DEVICE_FAMILY = 1;
			};
			name = Release;
		};
		B296D2632D19AD4000880E1D /* Debug */ = {
			isa = XCBuildConfiguration;
			buildSettings = {
				BUNDLE_LOADER = "$(TEST_HOST)";
				CODE_SIGN_STYLE = Automatic;
				CURRENT_PROJECT_VERSION = 1;
				GENERATE_INFOPLIST_FILE = YES;
				IPHONEOS_DEPLOYMENT_TARGET = 17.2;
				MARKETING_VERSION = 1.0;
				PRODUCT_BUNDLE_IDENTIFIER = ru.yandex.practicum.ImagyTests;
				PRODUCT_NAME = "$(TARGET_NAME)";
				SWIFT_EMIT_LOC_STRINGS = NO;
				SWIFT_VERSION = 5.0;
				TARGETED_DEVICE_FAMILY = "1,2";
				TEST_HOST = "$(BUILT_PRODUCTS_DIR)/Imagy.app/$(BUNDLE_EXECUTABLE_FOLDER_PATH)/Imagy";
			};
			name = Debug;
		};
		B296D2642D19AD4000880E1D /* Release */ = {
			isa = XCBuildConfiguration;
			buildSettings = {
				BUNDLE_LOADER = "$(TEST_HOST)";
				CODE_SIGN_STYLE = Automatic;
				CURRENT_PROJECT_VERSION = 1;
				GENERATE_INFOPLIST_FILE = YES;
				IPHONEOS_DEPLOYMENT_TARGET = 17.2;
				MARKETING_VERSION = 1.0;
				PRODUCT_BUNDLE_IDENTIFIER = ru.yandex.practicum.ImagyTests;
				PRODUCT_NAME = "$(TARGET_NAME)";
				SWIFT_EMIT_LOC_STRINGS = NO;
				SWIFT_VERSION = 5.0;
				TARGETED_DEVICE_FAMILY = "1,2";
				TEST_HOST = "$(BUILT_PRODUCTS_DIR)/Imagy.app/$(BUNDLE_EXECUTABLE_FOLDER_PATH)/Imagy";
			};
			name = Release;
		};
		B296D2662D19AD4000880E1D /* Debug */ = {
			isa = XCBuildConfiguration;
			buildSettings = {
				CODE_SIGN_STYLE = Automatic;
				CURRENT_PROJECT_VERSION = 1;
				GENERATE_INFOPLIST_FILE = YES;
				MARKETING_VERSION = 1.0;
				PRODUCT_BUNDLE_IDENTIFIER = ru.yandex.practicum.ImagyUITests;
				PRODUCT_NAME = "$(TARGET_NAME)";
				SWIFT_EMIT_LOC_STRINGS = NO;
				SWIFT_VERSION = 5.0;
				TARGETED_DEVICE_FAMILY = "1,2";
				TEST_TARGET_NAME = Imagy;
			};
			name = Debug;
		};
		B296D2672D19AD4000880E1D /* Release */ = {
			isa = XCBuildConfiguration;
			buildSettings = {
				CODE_SIGN_STYLE = Automatic;
				CURRENT_PROJECT_VERSION = 1;
				GENERATE_INFOPLIST_FILE = YES;
				MARKETING_VERSION = 1.0;
				PRODUCT_BUNDLE_IDENTIFIER = ru.yandex.practicum.ImagyUITests;
				PRODUCT_NAME = "$(TARGET_NAME)";
				SWIFT_EMIT_LOC_STRINGS = NO;
				SWIFT_VERSION = 5.0;
				TARGETED_DEVICE_FAMILY = "1,2";
				TEST_TARGET_NAME = Imagy;
			};
			name = Release;
		};
		F456D3462D832CB300350599 /* Debug */ = {
			isa = XCBuildConfiguration;
			buildSettings = {
				BUNDLE_LOADER = "$(TEST_HOST)";
				CODE_SIGN_STYLE = Automatic;
				CURRENT_PROJECT_VERSION = 1;
				GENERATE_INFOPLIST_FILE = YES;
				IPHONEOS_DEPLOYMENT_TARGET = 18.2;
				MARKETING_VERSION = 1.0;
				PRODUCT_BUNDLE_IDENTIFIER = bolshakoff.dima.ImagyTests1;
				PRODUCT_NAME = "$(TARGET_NAME)";
				SWIFT_EMIT_LOC_STRINGS = NO;
				SWIFT_VERSION = 5.0;
				TARGETED_DEVICE_FAMILY = "1,2";
				TEST_HOST = "$(BUILT_PRODUCTS_DIR)/Imagy.app/$(BUNDLE_EXECUTABLE_FOLDER_PATH)/Imagy";
			};
			name = Debug;
		};
		F456D3472D832CB300350599 /* Release */ = {
			isa = XCBuildConfiguration;
			buildSettings = {
				BUNDLE_LOADER = "$(TEST_HOST)";
				CODE_SIGN_STYLE = Automatic;
				CURRENT_PROJECT_VERSION = 1;
				GENERATE_INFOPLIST_FILE = YES;
				IPHONEOS_DEPLOYMENT_TARGET = 18.2;
				MARKETING_VERSION = 1.0;
				PRODUCT_BUNDLE_IDENTIFIER = bolshakoff.dima.ImagyTests1;
				PRODUCT_NAME = "$(TARGET_NAME)";
				SWIFT_EMIT_LOC_STRINGS = NO;
				SWIFT_VERSION = 5.0;
				TARGETED_DEVICE_FAMILY = "1,2";
				TEST_HOST = "$(BUILT_PRODUCTS_DIR)/Imagy.app/$(BUNDLE_EXECUTABLE_FOLDER_PATH)/Imagy";
			};
			name = Release;
		};
		F456D3552D84306D00350599 /* Debug */ = {
			isa = XCBuildConfiguration;
			buildSettings = {
				CODE_SIGN_STYLE = Automatic;
				CURRENT_PROJECT_VERSION = 1;
				GENERATE_INFOPLIST_FILE = YES;
				IPHONEOS_DEPLOYMENT_TARGET = 18.2;
				MARKETING_VERSION = 1.0;
				PRODUCT_BUNDLE_IDENTIFIER = bolshakoff.dima.ImagyTests2;
				PRODUCT_NAME = "$(TARGET_NAME)";
				SWIFT_EMIT_LOC_STRINGS = NO;
				SWIFT_VERSION = 5.0;
				TARGETED_DEVICE_FAMILY = "1,2";
				TEST_TARGET_NAME = Imagy;
			};
			name = Debug;
		};
		F456D3562D84306D00350599 /* Release */ = {
			isa = XCBuildConfiguration;
			buildSettings = {
				CODE_SIGN_STYLE = Automatic;
				CURRENT_PROJECT_VERSION = 1;
				GENERATE_INFOPLIST_FILE = YES;
				IPHONEOS_DEPLOYMENT_TARGET = 18.2;
				MARKETING_VERSION = 1.0;
				PRODUCT_BUNDLE_IDENTIFIER = bolshakoff.dima.ImagyTests2;
				PRODUCT_NAME = "$(TARGET_NAME)";
				SWIFT_EMIT_LOC_STRINGS = NO;
				SWIFT_VERSION = 5.0;
				TARGETED_DEVICE_FAMILY = "1,2";
				TEST_TARGET_NAME = Imagy;
			};
			name = Release;
		};
/* End XCBuildConfiguration section */

/* Begin XCConfigurationList section */
		B296D2302D19AD3E00880E1D /* Build configuration list for PBXProject "Imagy" */ = {
			isa = XCConfigurationList;
			buildConfigurations = (
				B296D25D2D19AD4000880E1D /* Debug */,
				B296D25E2D19AD4000880E1D /* Release */,
			);
			defaultConfigurationIsVisible = 0;
			defaultConfigurationName = Release;
		};
		B296D25F2D19AD4000880E1D /* Build configuration list for PBXNativeTarget "Imagy" */ = {
			isa = XCConfigurationList;
			buildConfigurations = (
				B296D2602D19AD4000880E1D /* Debug */,
				B296D2612D19AD4000880E1D /* Release */,
			);
			defaultConfigurationIsVisible = 0;
			defaultConfigurationName = Release;
		};
		B296D2622D19AD4000880E1D /* Build configuration list for PBXNativeTarget "ImagyTests" */ = {
			isa = XCConfigurationList;
			buildConfigurations = (
				B296D2632D19AD4000880E1D /* Debug */,
				B296D2642D19AD4000880E1D /* Release */,
			);
			defaultConfigurationIsVisible = 0;
			defaultConfigurationName = Release;
		};
		B296D2652D19AD4000880E1D /* Build configuration list for PBXNativeTarget "ImagyUITests" */ = {
			isa = XCConfigurationList;
			buildConfigurations = (
				B296D2662D19AD4000880E1D /* Debug */,
				B296D2672D19AD4000880E1D /* Release */,
			);
			defaultConfigurationIsVisible = 0;
			defaultConfigurationName = Release;
		};
		F456D3452D832CB300350599 /* Build configuration list for PBXNativeTarget "ImagyTests1" */ = {
			isa = XCConfigurationList;
			buildConfigurations = (
				F456D3462D832CB300350599 /* Debug */,
				F456D3472D832CB300350599 /* Release */,
			);
			defaultConfigurationIsVisible = 0;
			defaultConfigurationName = Release;
		};
		F456D3542D84306D00350599 /* Build configuration list for PBXNativeTarget "ImagyTests2" */ = {
			isa = XCConfigurationList;
			buildConfigurations = (
				F456D3552D84306D00350599 /* Debug */,
				F456D3562D84306D00350599 /* Release */,
			);
			defaultConfigurationIsVisible = 0;
			defaultConfigurationName = Release;
		};
/* End XCConfigurationList section */

/* Begin XCRemoteSwiftPackageReference section */
		B2901ADD2D4E50E500AD6B0A /* XCRemoteSwiftPackageReference "ProgressHUD" */ = {
			isa = XCRemoteSwiftPackageReference;
			repositoryURL = "https://github.com/relatedcode/ProgressHUD";
			requirement = {
				kind = upToNextMajorVersion;
				minimumVersion = 14.1.3;
			};
		};
		B2901AF02D55104900AD6B0A /* XCRemoteSwiftPackageReference "Kingfisher" */ = {
			isa = XCRemoteSwiftPackageReference;
			repositoryURL = "https://github.com/onevcat/Kingfisher.git";
			requirement = {
				kind = upToNextMajorVersion;
				minimumVersion = 8.2.0;
			};
		};
		B2901AF32D55150A00AD6B0A /* XCRemoteSwiftPackageReference "SwiftKeychainWrapper" */ = {
			isa = XCRemoteSwiftPackageReference;
			repositoryURL = "https://github.com/jrendel/SwiftKeychainWrapper";
			requirement = {
				kind = upToNextMajorVersion;
				minimumVersion = 4.0.1;
			};
		};
/* End XCRemoteSwiftPackageReference section */

/* Begin XCSwiftPackageProductDependency section */
		B2901ADE2D4E50E500AD6B0A /* ProgressHUD */ = {
			isa = XCSwiftPackageProductDependency;
			package = B2901ADD2D4E50E500AD6B0A /* XCRemoteSwiftPackageReference "ProgressHUD" */;
			productName = ProgressHUD;
		};
		B2901AF12D55104900AD6B0A /* Kingfisher */ = {
			isa = XCSwiftPackageProductDependency;
			package = B2901AF02D55104900AD6B0A /* XCRemoteSwiftPackageReference "Kingfisher" */;
			productName = Kingfisher;
		};
		B2901AF42D55150A00AD6B0A /* SwiftKeychainWrapper */ = {
			isa = XCSwiftPackageProductDependency;
			package = B2901AF32D55150A00AD6B0A /* XCRemoteSwiftPackageReference "SwiftKeychainWrapper" */;
			productName = SwiftKeychainWrapper;
		};
/* End XCSwiftPackageProductDependency section */
	};
	rootObject = B296D22D2D19AD3E00880E1D /* Project object */;
}
